// !$*UTF8*$!
{
	archiveVersion = 1;
	classes = {
	};
	objectVersion = 50;
	objects = {

/* Begin PBXBuildFile section */
		5B032E3B254F0A3D0031F8D9 /* ConstantsTemplate.swift in Sources */ = {isa = PBXBuildFile; fileRef = 5B032E3A254F0A3D0031F8D9 /* ConstantsTemplate.swift */; };
		5B184DB02552EC0B00EFE460 /* Response.swift in Sources */ = {isa = PBXBuildFile; fileRef = 5B184DAF2552EC0B00EFE460 /* Response.swift */; };
		5B87C02C254841F4005D7A9E /* AppDelegate.swift in Sources */ = {isa = PBXBuildFile; fileRef = 5B87C02B254841F4005D7A9E /* AppDelegate.swift */; };
		5B87C02E254841F4005D7A9E /* SceneDelegate.swift in Sources */ = {isa = PBXBuildFile; fileRef = 5B87C02D254841F4005D7A9E /* SceneDelegate.swift */; };
		5B87C030254841F4005D7A9E /* ViewController.swift in Sources */ = {isa = PBXBuildFile; fileRef = 5B87C02F254841F4005D7A9E /* ViewController.swift */; };
		5B87C033254841F4005D7A9E /* Main.storyboard in Resources */ = {isa = PBXBuildFile; fileRef = 5B87C031254841F4005D7A9E /* Main.storyboard */; };
		5B87C035254841F8005D7A9E /* Assets.xcassets in Resources */ = {isa = PBXBuildFile; fileRef = 5B87C034254841F8005D7A9E /* Assets.xcassets */; };
		5B87C038254841F8005D7A9E /* LaunchScreen.storyboard in Resources */ = {isa = PBXBuildFile; fileRef = 5B87C036254841F8005D7A9E /* LaunchScreen.storyboard */; };
		5BE1DC31254EF5F000955041 /* Constants.swift in Sources */ = {isa = PBXBuildFile; fileRef = 5BE1DC30254EF5F000955041 /* Constants.swift */; };
		5BE1DC34254EFB2600955041 /* Video.swift in Sources */ = {isa = PBXBuildFile; fileRef = 5BE1DC33254EFB2600955041 /* Video.swift */; };
		5BE1DC37254EFBBC00955041 /* Model.swift in Sources */ = {isa = PBXBuildFile; fileRef = 5BE1DC36254EFBBC00955041 /* Model.swift */; };
/* End PBXBuildFile section */

/* Begin PBXFileReference section */
		5B032E3A254F0A3D0031F8D9 /* ConstantsTemplate.swift */ = {isa = PBXFileReference; lastKnownFileType = sourcecode.swift; path = ConstantsTemplate.swift; sourceTree = "<group>"; };
		5B184DAF2552EC0B00EFE460 /* Response.swift */ = {isa = PBXFileReference; lastKnownFileType = sourcecode.swift; path = Response.swift; sourceTree = "<group>"; };
		5B87C028254841F4005D7A9E /* youtube-onedaybuild.app */ = {isa = PBXFileReference; explicitFileType = wrapper.application; includeInIndex = 0; path = "youtube-onedaybuild.app"; sourceTree = BUILT_PRODUCTS_DIR; };
		5B87C02B254841F4005D7A9E /* AppDelegate.swift */ = {isa = PBXFileReference; lastKnownFileType = sourcecode.swift; path = AppDelegate.swift; sourceTree = "<group>"; };
		5B87C02D254841F4005D7A9E /* SceneDelegate.swift */ = {isa = PBXFileReference; lastKnownFileType = sourcecode.swift; path = SceneDelegate.swift; sourceTree = "<group>"; };
		5B87C02F254841F4005D7A9E /* ViewController.swift */ = {isa = PBXFileReference; lastKnownFileType = sourcecode.swift; path = ViewController.swift; sourceTree = "<group>"; };
		5B87C032254841F4005D7A9E /* Base */ = {isa = PBXFileReference; lastKnownFileType = file.storyboard; name = Base; path = Base.lproj/Main.storyboard; sourceTree = "<group>"; };
		5B87C034254841F8005D7A9E /* Assets.xcassets */ = {isa = PBXFileReference; lastKnownFileType = folder.assetcatalog; path = Assets.xcassets; sourceTree = "<group>"; };
		5B87C037254841F8005D7A9E /* Base */ = {isa = PBXFileReference; lastKnownFileType = file.storyboard; name = Base; path = Base.lproj/LaunchScreen.storyboard; sourceTree = "<group>"; };
		5B87C039254841F8005D7A9E /* Info.plist */ = {isa = PBXFileReference; lastKnownFileType = text.plist.xml; path = Info.plist; sourceTree = "<group>"; };
		5BE1DC30254EF5F000955041 /* Constants.swift */ = {isa = PBXFileReference; lastKnownFileType = sourcecode.swift; path = Constants.swift; sourceTree = "<group>"; };
		5BE1DC33254EFB2600955041 /* Video.swift */ = {isa = PBXFileReference; lastKnownFileType = sourcecode.swift; path = Video.swift; sourceTree = "<group>"; };
		5BE1DC36254EFBBC00955041 /* Model.swift */ = {isa = PBXFileReference; lastKnownFileType = sourcecode.swift; path = Model.swift; sourceTree = "<group>"; };
/* End PBXFileReference section */

/* Begin PBXFrameworksBuildPhase section */
		5B87C025254841F4005D7A9E /* Frameworks */ = {
			isa = PBXFrameworksBuildPhase;
			buildActionMask = 2147483647;
			files = (
			);
			runOnlyForDeploymentPostprocessing = 0;
		};
/* End PBXFrameworksBuildPhase section */

/* Begin PBXGroup section */
		5B87C01F254841F4005D7A9E = {
			isa = PBXGroup;
			children = (
				5B87C02A254841F4005D7A9E /* youtube-onedaybuild */,
				5B87C029254841F4005D7A9E /* Products */,
			);
			sourceTree = "<group>";
		};
		5B87C029254841F4005D7A9E /* Products */ = {
			isa = PBXGroup;
			children = (
				5B87C028254841F4005D7A9E /* youtube-onedaybuild.app */,
			);
			name = Products;
			sourceTree = "<group>";
		};
		5B87C02A254841F4005D7A9E /* youtube-onedaybuild */ = {
			isa = PBXGroup;
			children = (
				5B87C02B254841F4005D7A9E /* AppDelegate.swift */,
				5B87C02D254841F4005D7A9E /* SceneDelegate.swift */,
				5B87C02F254841F4005D7A9E /* ViewController.swift */,
				5B87C031254841F4005D7A9E /* Main.storyboard */,
				5B87C034254841F8005D7A9E /* Assets.xcassets */,
				5B87C036254841F8005D7A9E /* LaunchScreen.storyboard */,
				5B87C039254841F8005D7A9E /* Info.plist */,
				5BE1DC30254EF5F000955041 /* Constants.swift */,
				5BE1DC33254EFB2600955041 /* Video.swift */,
				5BE1DC36254EFBBC00955041 /* Model.swift */,
				5B032E3A254F0A3D0031F8D9 /* ConstantsTemplate.swift */,
				5B184DAF2552EC0B00EFE460 /* Response.swift */,
			);
			path = "youtube-onedaybuild";
			sourceTree = "<group>";
		};
/* End PBXGroup section */

/* Begin PBXNativeTarget section */
		5B87C027254841F4005D7A9E /* youtube-onedaybuild */ = {
			isa = PBXNativeTarget;
			buildConfigurationList = 5B87C03C254841F8005D7A9E /* Build configuration list for PBXNativeTarget "youtube-onedaybuild" */;
			buildPhases = (
				5B87C024254841F4005D7A9E /* Sources */,
				5B87C025254841F4005D7A9E /* Frameworks */,
				5B87C026254841F4005D7A9E /* Resources */,
			);
			buildRules = (
			);
			dependencies = (
			);
			name = "youtube-onedaybuild";
			productName = "youtube-onedaybuild";
			productReference = 5B87C028254841F4005D7A9E /* youtube-onedaybuild.app */;
			productType = "com.apple.product-type.application";
		};
/* End PBXNativeTarget section */

/* Begin PBXProject section */
		5B87C020254841F4005D7A9E /* Project object */ = {
			isa = PBXProject;
			attributes = {
				LastSwiftUpdateCheck = 1200;
				LastUpgradeCheck = 1200;
				TargetAttributes = {
					5B87C027254841F4005D7A9E = {
						CreatedOnToolsVersion = 12.0.1;
					};
				};
			};
			buildConfigurationList = 5B87C023254841F4005D7A9E /* Build configuration list for PBXProject "youtube-onedaybuild" */;
			compatibilityVersion = "Xcode 9.3";
			developmentRegion = en;
			hasScannedForEncodings = 0;
			knownRegions = (
				en,
				Base,
			);
			mainGroup = 5B87C01F254841F4005D7A9E;
			productRefGroup = 5B87C029254841F4005D7A9E /* Products */;
			projectDirPath = "";
			projectRoot = "";
			targets = (
				5B87C027254841F4005D7A9E /* youtube-onedaybuild */,
			);
		};
/* End PBXProject section */

/* Begin PBXResourcesBuildPhase section */
		5B87C026254841F4005D7A9E /* Resources */ = {
			isa = PBXResourcesBuildPhase;
			buildActionMask = 2147483647;
			files = (
				5B87C038254841F8005D7A9E /* LaunchScreen.storyboard in Resources */,
				5B87C035254841F8005D7A9E /* Assets.xcassets in Resources */,
				5B87C033254841F4005D7A9E /* Main.storyboard in Resources */,
			);
			runOnlyForDeploymentPostprocessing = 0;
		};
/* End PBXResourcesBuildPhase section */

/* Begin PBXSourcesBuildPhase section */
		5B87C024254841F4005D7A9E /* Sources */ = {
			isa = PBXSourcesBuildPhase;
			buildActionMask = 2147483647;
			files = (
				5B184DB02552EC0B00EFE460 /* Response.swift in Sources */,
				5B032E3B254F0A3D0031F8D9 /* ConstantsTemplate.swift in Sources */,
				5B87C030254841F4005D7A9E /* ViewController.swift in Sources */,
				5B87C02C254841F4005D7A9E /* AppDelegate.swift in Sources */,
				5B87C02E254841F4005D7A9E /* SceneDelegate.swift in Sources */,
				5BE1DC37254EFBBC00955041 /* Model.swift in Sources */,
				5BE1DC31254EF5F000955041 /* Constants.swift in Sources */,
				5BE1DC34254EFB2600955041 /* Video.swift in Sources */,
			);
			runOnlyForDeploymentPostprocessing = 0;
		};
/* End PBXSourcesBuildPhase section */

/* Begin PBXVariantGroup section */
		5B87C031254841F4005D7A9E /* Main.storyboard */ = {
			isa = PBXVariantGroup;
			children = (
				5B87C032254841F4005D7A9E /* Base */,
			);
			name = Main.storyboard;
			sourceTree = "<group>";
		};
		5B87C036254841F8005D7A9E /* LaunchScreen.storyboard */ = {
			isa = PBXVariantGroup;
			children = (
				5B87C037254841F8005D7A9E /* Base */,
			);
			name = LaunchScreen.storyboard;
			sourceTree = "<group>";
		};
/* End PBXVariantGroup section */

/* Begin XCBuildConfiguration section */
		5B87C03A254841F8005D7A9E /* Debug */ = {
			isa = XCBuildConfiguration;
			buildSettings = {
				ALWAYS_SEARCH_USER_PATHS = NO;
				CLANG_ANALYZER_NONNULL = YES;
				CLANG_ANALYZER_NUMBER_OBJECT_CONVERSION = YES_AGGRESSIVE;
				CLANG_CXX_LANGUAGE_STANDARD = "gnu++14";
				CLANG_CXX_LIBRARY = "libc++";
				CLANG_ENABLE_MODULES = YES;
				CLANG_ENABLE_OBJC_ARC = YES;
				CLANG_ENABLE_OBJC_WEAK = YES;
				CLANG_WARN_BLOCK_CAPTURE_AUTORELEASING = YES;
				CLANG_WARN_BOOL_CONVERSION = YES;
				CLANG_WARN_COMMA = YES;
				CLANG_WARN_CONSTANT_CONVERSION = YES;
				CLANG_WARN_DEPRECATED_OBJC_IMPLEMENTATIONS = YES;
				CLANG_WARN_DIRECT_OBJC_ISA_USAGE = YES_ERROR;
				CLANG_WARN_DOCUMENTATION_COMMENTS = YES;
				CLANG_WARN_EMPTY_BODY = YES;
				CLANG_WARN_ENUM_CONVERSION = YES;
				CLANG_WARN_INFINITE_RECURSION = YES;
				CLANG_WARN_INT_CONVERSION = YES;
				CLANG_WARN_NON_LITERAL_NULL_CONVERSION = YES;
				CLANG_WARN_OBJC_IMPLICIT_RETAIN_SELF = YES;
				CLANG_WARN_OBJC_LITERAL_CONVERSION = YES;
				CLANG_WARN_OBJC_ROOT_CLASS = YES_ERROR;
				CLANG_WARN_QUOTED_INCLUDE_IN_FRAMEWORK_HEADER = YES;
				CLANG_WARN_RANGE_LOOP_ANALYSIS = YES;
				CLANG_WARN_STRICT_PROTOTYPES = YES;
				CLANG_WARN_SUSPICIOUS_MOVE = YES;
				CLANG_WARN_UNGUARDED_AVAILABILITY = YES_AGGRESSIVE;
				CLANG_WARN_UNREACHABLE_CODE = YES;
				CLANG_WARN__DUPLICATE_METHOD_MATCH = YES;
				COPY_PHASE_STRIP = NO;
				DEBUG_INFORMATION_FORMAT = dwarf;
				ENABLE_STRICT_OBJC_MSGSEND = YES;
				ENABLE_TESTABILITY = YES;
				GCC_C_LANGUAGE_STANDARD = gnu11;
				GCC_DYNAMIC_NO_PIC = NO;
				GCC_NO_COMMON_BLOCKS = YES;
				GCC_OPTIMIZATION_LEVEL = 0;
				GCC_PREPROCESSOR_DEFINITIONS = (
					"DEBUG=1",
					"$(inherited)",
				);
				GCC_WARN_64_TO_32_BIT_CONVERSION = YES;
				GCC_WARN_ABOUT_RETURN_TYPE = YES_ERROR;
				GCC_WARN_UNDECLARED_SELECTOR = YES;
				GCC_WARN_UNINITIALIZED_AUTOS = YES_AGGRESSIVE;
				GCC_WARN_UNUSED_FUNCTION = YES;
				GCC_WARN_UNUSED_VARIABLE = YES;
				IPHONEOS_DEPLOYMENT_TARGET = 14.0;
				MTL_ENABLE_DEBUG_INFO = INCLUDE_SOURCE;
				MTL_FAST_MATH = YES;
				ONLY_ACTIVE_ARCH = YES;
				SDKROOT = iphoneos;
				SWIFT_ACTIVE_COMPILATION_CONDITIONS = DEBUG;
				SWIFT_OPTIMIZATION_LEVEL = "-Onone";
			};
			name = Debug;
		};
		5B87C03B254841F8005D7A9E /* Release */ = {
			isa = XCBuildConfiguration;
			buildSettings = {
				ALWAYS_SEARCH_USER_PATHS = NO;
				CLANG_ANALYZER_NONNULL = YES;
				CLANG_ANALYZER_NUMBER_OBJECT_CONVERSION = YES_AGGRESSIVE;
				CLANG_CXX_LANGUAGE_STANDARD = "gnu++14";
				CLANG_CXX_LIBRARY = "libc++";
				CLANG_ENABLE_MODULES = YES;
				CLANG_ENABLE_OBJC_ARC = YES;
				CLANG_ENABLE_OBJC_WEAK = YES;
				CLANG_WARN_BLOCK_CAPTURE_AUTORELEASING = YES;
				CLANG_WARN_BOOL_CONVERSION = YES;
				CLANG_WARN_COMMA = YES;
				CLANG_WARN_CONSTANT_CONVERSION = YES;
				CLANG_WARN_DEPRECATED_OBJC_IMPLEMENTATIONS = YES;
				CLANG_WARN_DIRECT_OBJC_ISA_USAGE = YES_ERROR;
				CLANG_WARN_DOCUMENTATION_COMMENTS = YES;
				CLANG_WARN_EMPTY_BODY = YES;
				CLANG_WARN_ENUM_CONVERSION = YES;
				CLANG_WARN_INFINITE_RECURSION = YES;
				CLANG_WARN_INT_CONVERSION = YES;
				CLANG_WARN_NON_LITERAL_NULL_CONVERSION = YES;
				CLANG_WARN_OBJC_IMPLICIT_RETAIN_SELF = YES;
				CLANG_WARN_OBJC_LITERAL_CONVERSION = YES;
				CLANG_WARN_OBJC_ROOT_CLASS = YES_ERROR;
				CLANG_WARN_QUOTED_INCLUDE_IN_FRAMEWORK_HEADER = YES;
				CLANG_WARN_RANGE_LOOP_ANALYSIS = YES;
				CLANG_WARN_STRICT_PROTOTYPES = YES;
				CLANG_WARN_SUSPICIOUS_MOVE = YES;
				CLANG_WARN_UNGUARDED_AVAILABILITY = YES_AGGRESSIVE;
				CLANG_WARN_UNREACHABLE_CODE = YES;
				CLANG_WARN__DUPLICATE_METHOD_MATCH = YES;
				COPY_PHASE_STRIP = NO;
				DEBUG_INFORMATION_FORMAT = "dwarf-with-dsym";
				ENABLE_NS_ASSERTIONS = NO;
				ENABLE_STRICT_OBJC_MSGSEND = YES;
				GCC_C_LANGUAGE_STANDARD = gnu11;
				GCC_NO_COMMON_BLOCKS = YES;
				GCC_WARN_64_TO_32_BIT_CONVERSION = YES;
				GCC_WARN_ABOUT_RETURN_TYPE = YES_ERROR;
				GCC_WARN_UNDECLARED_SELECTOR = YES;
				GCC_WARN_UNINITIALIZED_AUTOS = YES_AGGRESSIVE;
				GCC_WARN_UNUSED_FUNCTION = YES;
				GCC_WARN_UNUSED_VARIABLE = YES;
				IPHONEOS_DEPLOYMENT_TARGET = 14.0;
				MTL_ENABLE_DEBUG_INFO = NO;
				MTL_FAST_MATH = YES;
				SDKROOT = iphoneos;
				SWIFT_COMPILATION_MODE = wholemodule;
				SWIFT_OPTIMIZATION_LEVEL = "-O";
				VALIDATE_PRODUCT = YES;
			};
			name = Release;
		};
		5B87C03D254841F8005D7A9E /* Debug */ = {
			isa = XCBuildConfiguration;
			buildSettings = {
				ASSETCATALOG_COMPILER_APPICON_NAME = AppIcon;
				ASSETCATALOG_COMPILER_GLOBAL_ACCENT_COLOR_NAME = AccentColor;
				CODE_SIGN_STYLE = Automatic;
				DEVELOPMENT_TEAM = N39A2498K6;
				INFOPLIST_FILE = "youtube-onedaybuild/Info.plist";
				LD_RUNPATH_SEARCH_PATHS = (
					"$(inherited)",
					"@executable_path/Frameworks",
				);
				PRODUCT_BUNDLE_IDENTIFIER = "com.ArashArjmand.youtube-onedaybuild";
				PRODUCT_NAME = "$(TARGET_NAME)";
				SWIFT_VERSION = 5.0;
				TARGETED_DEVICE_FAMILY = "1,2";
			};
			name = Debug;
		};
		5B87C03E254841F8005D7A9E /* Release */ = {
			isa = XCBuildConfiguration;
			buildSettings = {
				ASSETCATALOG_COMPILER_APPICON_NAME = AppIcon;
				ASSETCATALOG_COMPILER_GLOBAL_ACCENT_COLOR_NAME = AccentColor;
				CODE_SIGN_STYLE = Automatic;
				DEVELOPMENT_TEAM = N39A2498K6;
				INFOPLIST_FILE = "youtube-onedaybuild/Info.plist";
				LD_RUNPATH_SEARCH_PATHS = (
					"$(inherited)",
					"@executable_path/Frameworks",
				);
				PRODUCT_BUNDLE_IDENTIFIER = "com.ArashArjmand.youtube-onedaybuild";
				PRODUCT_NAME = "$(TARGET_NAME)";
				SWIFT_VERSION = 5.0;
				TARGETED_DEVICE_FAMILY = "1,2";
			};
			name = Release;
		};
/* End XCBuildConfiguration section */

/* Begin XCConfigurationList section */
		5B87C023254841F4005D7A9E /* Build configuration list for PBXProject "youtube-onedaybuild" */ = {
			isa = XCConfigurationList;
			buildConfigurations = (
				5B87C03A254841F8005D7A9E /* Debug */,
				5B87C03B254841F8005D7A9E /* Release */,
			);
			defaultConfigurationIsVisible = 0;
			defaultConfigurationName = Release;
		};
		5B87C03C254841F8005D7A9E /* Build configuration list for PBXNativeTarget "youtube-onedaybuild" */ = {
			isa = XCConfigurationList;
			buildConfigurations = (
				5B87C03D254841F8005D7A9E /* Debug */,
				5B87C03E254841F8005D7A9E /* Release */,
			);
			defaultConfigurationIsVisible = 0;
			defaultConfigurationName = Release;
		};
/* End XCConfigurationList section */
	};
	rootObject = 5B87C020254841F4005D7A9E /* Project object */;
}
